gitlab.com/mjwhitta/cli v1.8.0 h1:o1u9B9tGOfakhqX3nVBAT7DLS1Ug95Cez9DGwwLrewE=
gitlab.com/mjwhitta/cli v1.8.0/go.mod h1:0nzOLJZWsbgzJp/EQoLHcCLvKXX/iakyOZIqg94xAzo=
gitlab.com/mjwhitta/hilighter v1.9.1 h1:YlUCB1jWYVtwwfQ4DFvwXULmvH3Bu9ELlTkS5+jzZgQ=
gitlab.com/mjwhitta/hilighter v1.9.1/go.mod h1:/hkHOgezVQbk/eoif5CRCK2/N0aeEK40VQh8znGsjpE=
gitlab.com/mjwhitta/jq v1.3.1 h1:aGPgNmGDaAUIfyT1qOBBZhBYedXOzKVU/DpfKVNSOG8=
gitlab.com/mjwhitta/jq v1.3.1/go.mod h1:XVXaZsgHKLBvxql7riHkBAYyYnS+FT534xwcBikUsEI=
gitlab.com/mjwhitta/jsoncfg v1.4.4 h1:BNg2BZP1yH/3SWOgOOm4+DH4Wd0VUCkYERUU0TiTRV4=
gitlab.com/mjwhitta/jsoncfg v1.4.4/go.mod h1:DLAlEQyj+6t6o3IG900VS85qIX4ZDI84y0zFfI28Nms=
gitlab.com/mjwhitta/log v1.4.3 h1:RypTHwMjNejnYi0NLLKEI347/g/7XI5MqEnSgCh6J48=
gitlab.com/mjwhitta/log v1.4.3/go.mod h1:iOdtHoTqI7dSVZMazfnz8Ap5GPHNHkeuzzJO2DNAAYU=
gitlab.com/mjwhitta/pathname v1.0.6 h1:hboITLPbJigX9WvKD6pv+Ay4w9zleOHnmJtGswBoYXg=
gitlab.com/mjwhitta/pathname v1.0.6/go.mod h1:DDc1eLhCHMHYMttam61vgyKGya/IIs2IDOTkr6GyFhs=
gitlab.com/mjwhitta/safety v1.7.0 h1:0Kk0rcb3l22H01lThMPbOF0x1qNNpwjY3tNRoVU4VYY=
gitlab.com/mjwhitta/safety v1.7.0/go.mod h1:TXHylQtFRnA/cxjtPjiConVT29/288rm1eQRGOqzckM=
gitlab.com/mjwhitta/sysinfo v1.1.9 h1:+i64vFSysOgCTypguKVK+s7DXgs41uknUGh5RxaTafM=
gitlab.com/mjwhitta/sysinfo v1.1.9/go.mod h1:SpXXtZYbhz8cb3s5aHPBrVFLmFI3gZypobdmyFiG0LE=
gitlab.com/mjwhitta/where v1.0.19 h1:dDz6co3aADC0q/kk/VBS1q+F5XHlas4TTVpH0VvatZ8=
gitlab.com/mjwhitta/where v1.0.19/go.mod h1:dVhFaMk95vkbaqhPZbu+AodiZPHzMROBoYL9P+x7/ic=
