gitlab.com/mjwhitta/cli v1.8.1 h1:FSRlQy+DgLZXkCdpVSnbgHjJhCLZgM+rjJ/uiH5wlvM=
gitlab.com/mjwhitta/cli v1.8.1/go.mod h1:mL238URUPKng2ISpF6z57S2OddeXnGx0R69E+UptRGE=
gitlab.com/mjwhitta/hilighter v1.9.2 h1:PLzs5G6tRmlC8IKr44wJDDC+lwfRO0XaLnfLju44ibE=
gitlab.com/mjwhitta/hilighter v1.9.2/go.mod h1:Lwt4SE0bvugjmFnA/vwzzARzn9VFSkqgoG8UXWgTaMI=
gitlab.com/mjwhitta/jq v1.3.2 h1:BU7bAoYZG2Kqgqw6F33aTqqSj70hSq3BynvlN2fzixo=
gitlab.com/mjwhitta/jq v1.3.2/go.mod h1:SsvGOJT2bFpkhfed5mBY6Do1TkFIVv0YMPmeCwTtr5w=
gitlab.com/mjwhitta/jsoncfg v1.4.6 h1:8UNy57FGbFzqT6f6fewkQ5ZDhFMvYE/5CCNRwGg8Co8=
gitlab.com/mjwhitta/jsoncfg v1.4.6/go.mod h1:126FmFJyIBkJqWfGqNId9DMvTMqdwEttRGKeuRGmZzE=
gitlab.com/mjwhitta/log v1.4.4 h1:gQ7u3rMnu21KMNFI7OHDhX6yCkdbd6tFcQwPEj4nZQU=
gitlab.com/mjwhitta/log v1.4.4/go.mod h1:uJWssEB5YM0FoS6K5DG16Wfvq7qoC9GZMguHhLpW6Oo=
gitlab.com/mjwhitta/pathname v1.0.9 h1:5nXh0FniuMxB1Bpc5hC2ZtRlff8HnDOvn8lfDVIa5Pg=
gitlab.com/mjwhitta/pathname v1.0.9/go.mod h1:89jSeygMgYX/2gzfrZ6nC9yV8tjVbYrmMd6hk6FaHf8=
gitlab.com/mjwhitta/safety v1.11.0 h1:Q3N8HoD5Wx60UT4I0n/ivFwM+737u9PILq3G0SWgkbI=
gitlab.com/mjwhitta/safety v1.11.0/go.mod h1:wVWKeBfk2rr32ErLuSTu5+U5sgvfsmgSdw7WmrrQkqU=
gitlab.com/mjwhitta/sysinfo v1.2.12 h1:i0KjyruYsnB05RGXeS/nHdH6Qup7N0xJfsRLfNy+8FM=
gitlab.com/mjwhitta/sysinfo v1.2.12/go.mod h1:Vy9l8bCi0rqVJZvhzNJcsKJDI9csXXioUja1mQG/gH8=
gitlab.com/mjwhitta/where v1.0.25 h1:zLzV9eaULvWbhGdRRmAPqFwMyWyabT2toLCGi+BbHJs=
gitlab.com/mjwhitta/where v1.0.25/go.mod h1:m+lCX64TJi95/dr85hlladuDxyqmXC9AAQ+ucw0s8Bs=
golang.org/x/sys v0.0.0-20211117180635-dee7805ff2e1 h1:kwrAHlwJ0DUBZwQ238v+Uod/3eZ8B2K5rYsUHBQvzmI=
golang.org/x/sys v0.0.0-20211117180635-dee7805ff2e1/go.mod h1:oPkhp1MJrh7nUepCBck5+mAzfO9JrbApNNgaTdGDITg=
