gitlab.com/mjwhitta/cli v1.8.0 h1:o1u9B9tGOfakhqX3nVBAT7DLS1Ug95Cez9DGwwLrewE=
gitlab.com/mjwhitta/cli v1.8.0/go.mod h1:0nzOLJZWsbgzJp/EQoLHcCLvKXX/iakyOZIqg94xAzo=
gitlab.com/mjwhitta/hilighter v1.9.1 h1:YlUCB1jWYVtwwfQ4DFvwXULmvH3Bu9ELlTkS5+jzZgQ=
gitlab.com/mjwhitta/hilighter v1.9.1/go.mod h1:/hkHOgezVQbk/eoif5CRCK2/N0aeEK40VQh8znGsjpE=
gitlab.com/mjwhitta/jq v1.3.0 h1:GiBF34JfRMMzYhKqZuu+oYrSETpPfEWfYT0hwF/8QOY=
gitlab.com/mjwhitta/jq v1.3.0/go.mod h1:XVXaZsgHKLBvxql7riHkBAYyYnS+FT534xwcBikUsEI=
gitlab.com/mjwhitta/jsoncfg v1.4.3 h1:S2LYryGiG2uPDO7bsV5aXAwVUViESbzZh2/4WwPfmAs=
gitlab.com/mjwhitta/jsoncfg v1.4.3/go.mod h1:PUf9XGvVTBdjnpoLgEzKZifZ+1kw/wS7LFl0PrQp+c0=
gitlab.com/mjwhitta/log v1.4.2 h1:xrz+imhjjz+v+8djmbCXMSX5Hz88IIbV0ZzFbvXeaeM=
gitlab.com/mjwhitta/log v1.4.2/go.mod h1:iOdtHoTqI7dSVZMazfnz8Ap5GPHNHkeuzzJO2DNAAYU=
gitlab.com/mjwhitta/pathname v1.0.6 h1:hboITLPbJigX9WvKD6pv+Ay4w9zleOHnmJtGswBoYXg=
gitlab.com/mjwhitta/pathname v1.0.6/go.mod h1:DDc1eLhCHMHYMttam61vgyKGya/IIs2IDOTkr6GyFhs=
gitlab.com/mjwhitta/safety v1.0.0 h1:ha6xTdo2G0eUIqPtKHLmYYA07/XnacsUp6ntTgzSGgw=
gitlab.com/mjwhitta/safety v1.0.0/go.mod h1:dUwge9bzhyTdkgkhwK+1O0uhrf3JtadANMT4kpLk/3Y=
gitlab.com/mjwhitta/sysinfo v1.1.2 h1:nCM2KWqorINSCZZLhxoSpFc2HtU7MAqlVUZ5q/A1BUQ=
gitlab.com/mjwhitta/sysinfo v1.1.2/go.mod h1:mS+I96C+6nh3k/1HgEe4/DNjjuFbVTxXpPP2WyXj310=
gitlab.com/mjwhitta/where v1.0.12 h1:EIACYE1voxzFxs6nMoALJKpGyxA4dnjlKrlwZdckhuU=
gitlab.com/mjwhitta/where v1.0.12/go.mod h1:lp9VE4Retr722ogUbe9h2p/WrjKEprCvC1w9hk7542E=
